// !$*UTF8*$!
{
	archiveVersion = 1;
	classes = {
	};
	objectVersion = 77;
	objects = {

/* Begin PBXContainerItemProxy section */
		84BCAE2F2ED9197F00B60662 /* PBXContainerItemProxy */ = {
			isa = PBXContainerItemProxy;
			containerPortal = 84BCAE192ED9197C00B60662 /* Project object */;
			proxyType = 1;
			remoteGlobalIDString = 84BCAE202ED9197C00B60662;
			remoteInfo = ScentSearch;
		};
		84BCAE392ED9197F00B60662 /* PBXContainerItemProxy */ = {
			isa = PBXContainerItemProxy;
			containerPortal = 84BCAE192ED9197C00B60662 /* Project object */;
			proxyType = 1;
			remoteGlobalIDString = 84BCAE202ED9197C00B60662;
			remoteInfo = ScentSearch;
		};
/* End PBXContainerItemProxy section */

/* Begin PBXFileReference section */
		84BCAE212ED9197C00B60662 /* ScentSearch.app */ = {isa = PBXFileReference; explicitFileType = wrapper.application; includeInIndex = 0; path = ScentSearch.app; sourceTree = BUILT_PRODUCTS_DIR; };
		84BCAE2E2ED9197F00B60662 /* ScentSearchTests.xctest */ = {isa = PBXFileReference; explicitFileType = wrapper.cfbundle; includeInIndex = 0; path = ScentSearchTests.xctest; sourceTree = BUILT_PRODUCTS_DIR; };
		84BCAE382ED9197F00B60662 /* ScentSearchUITests.xctest */ = {isa = PBXFileReference; explicitFileType = wrapper.cfbundle; includeInIndex = 0; path = ScentSearchUITests.xctest; sourceTree = BUILT_PRODUCTS_DIR; };
/* End PBXFileReference section */

/* Begin PBXFileSystemSynchronizedBuildFileExceptionSet section */
		84BCAE912ED93DCB00B60662 /* Exceptions for "ScentSearch" folder in "ScentSearch" target */ = {
			isa = PBXFileSystemSynchronizedBuildFileExceptionSet;
			membershipExceptions = (
				fragrance_database.json,
			);
			target = 84BCAE202ED9197C00B60662 /* ScentSearch */;
		};
/* End PBXFileSystemSynchronizedBuildFileExceptionSet section */

/* Begin PBXFileSystemSynchronizedRootGroup section */
		84BCAE232ED9197C00B60662 /* ScentSearch */ = {
			isa = PBXFileSystemSynchronizedRootGroup;
			exceptions = (
				84BCAE912ED93DCB00B60662 /* Exceptions for "ScentSearch" folder in "ScentSearch" target */,
			);
			path = ScentSearch;
			sourceTree = "<group>";
		};
		84BCAE312ED9197F00B60662 /* ScentSearchTests */ = {
			isa = PBXFileSystemSynchronizedRootGroup;
			path = ScentSearchTests;
			sourceTree = "<group>";
		};
		84BCAE3B2ED9197F00B60662 /* ScentSearchUITests */ = {
			isa = PBXFileSystemSynchronizedRootGroup;
			path = ScentSearchUITests;
			sourceTree = "<group>";
		};
/* End PBXFileSystemSynchronizedRootGroup section */

/* Begin PBXFrameworksBuildPhase section */
		84BCAE1E2ED9197C00B60662 /* Frameworks */ = {
			isa = PBXFrameworksBuildPhase;
			buildActionMask = 2147483647;
			files = (
			);
			runOnlyForDeploymentPostprocessing = 0;
		};
		84BCAE2B2ED9197F00B60662 /* Frameworks */ = {
			isa = PBXFrameworksBuildPhase;
			buildActionMask = 2147483647;
			files = (
			);
			runOnlyForDeploymentPostprocessing = 0;
		};
		84BCAE352ED9197F00B60662 /* Frameworks */ = {
			isa = PBXFrameworksBuildPhase;
			buildActionMask = 2147483647;
			files = (
			);
			runOnlyForDeploymentPostprocessing = 0;
		};
/* End PBXFrameworksBuildPhase section */

/* Begin PBXGroup section */
		84BCAE182ED9197C00B60662 = {
			isa = PBXGroup;
			children = (
				84BCAE232ED9197C00B60662 /* ScentSearch */,
				84BCAE312ED9197F00B60662 /* ScentSearchTests */,
				84BCAE3B2ED9197F00B60662 /* ScentSearchUITests */,
				84BCAE222ED9197C00B60662 /* Products */,
			);
			sourceTree = "<group>";
		};
		84BCAE222ED9197C00B60662 /* Products */ = {
			isa = PBXGroup;
			children = (
				84BCAE212ED9197C00B60662 /* ScentSearch.app */,
				84BCAE2E2ED9197F00B60662 /* ScentSearchTests.xctest */,
				84BCAE382ED9197F00B60662 /* ScentSearchUITests.xctest */,
			);
			name = Products;
			sourceTree = "<group>";
		};
/* End PBXGroup section */

/* Begin PBXNativeTarget section */
		84BCAE202ED9197C00B60662 /* ScentSearch */ = {
			isa = PBXNativeTarget;
			buildConfigurationList = 84BCAE422ED9197F00B60662 /* Build configuration list for PBXNativeTarget "ScentSearch" */;
			buildPhases = (
				84BCAE1D2ED9197C00B60662 /* Sources */,
				84BCAE1E2ED9197C00B60662 /* Frameworks */,
				84BCAE1F2ED9197C00B60662 /* Resources */,
			);
			buildRules = (
			);
			dependencies = (
			);
			fileSystemSynchronizedGroups = (
				84BCAE232ED9197C00B60662 /* ScentSearch */,
			);
			name = ScentSearch;
			packageProductDependencies = (
			);
			productName = ScentSearch;
			productReference = 84BCAE212ED9197C00B60662 /* ScentSearch.app */;
			productType = "com.apple.product-type.application";
		};
		84BCAE2D2ED9197F00B60662 /* ScentSearchTests */ = {
			isa = PBXNativeTarget;
			buildConfigurationList = 84BCAE452ED9197F00B60662 /* Build configuration list for PBXNativeTarget "ScentSearchTests" */;
			buildPhases = (
				84BCAE2A2ED9197F00B60662 /* Sources */,
				84BCAE2B2ED9197F00B60662 /* Frameworks */,
				84BCAE2C2ED9197F00B60662 /* Resources */,
			);
			buildRules = (
			);
			dependencies = (
				84BCAE302ED9197F00B60662 /* PBXTargetDependency */,
			);
			fileSystemSynchronizedGroups = (
				84BCAE312ED9197F00B60662 /* ScentSearchTests */,
			);
			name = ScentSearchTests;
			packageProductDependencies = (
			);
			productName = ScentSearchTests;
			productReference = 84BCAE2E2ED9197F00B60662 /* ScentSearchTests.xctest */;
			productType = "com.apple.product-type.bundle.unit-test";
		};
		84BCAE372ED9197F00B60662 /* ScentSearchUITests */ = {
			isa = PBXNativeTarget;
			buildConfigurationList = 84BCAE482ED9197F00B60662 /* Build configuration list for PBXNativeTarget "ScentSearchUITests" */;
			buildPhases = (
				84BCAE342ED9197F00B60662 /* Sources */,
				84BCAE352ED9197F00B60662 /* Frameworks */,
				84BCAE362ED9197F00B60662 /* Resources */,
			);
			buildRules = (
			);
			dependencies = (
				84BCAE3A2ED9197F00B60662 /* PBXTargetDependency */,
			);
			fileSystemSynchronizedGroups = (
				84BCAE3B2ED9197F00B60662 /* ScentSearchUITests */,
			);
			name = ScentSearchUITests;
			packageProductDependencies = (
			);
			productName = ScentSearchUITests;
			productReference = 84BCAE382ED9197F00B60662 /* ScentSearchUITests.xctest */;
			productType = "com.apple.product-type.bundle.ui-testing";
		};
/* End PBXNativeTarget section */

/* Begin PBXProject section */
		84BCAE192ED9197C00B60662 /* Project object */ = {
			isa = PBXProject;
			attributes = {
				BuildIndependentTargetsInParallel = 1;
				LastSwiftUpdateCheck = 1640;
				LastUpgradeCheck = 1640;
				TargetAttributes = {
					84BCAE202ED9197C00B60662 = {
						CreatedOnToolsVersion = 16.4;
					};
					84BCAE2D2ED9197F00B60662 = {
						CreatedOnToolsVersion = 16.4;
						TestTargetID = 84BCAE202ED9197C00B60662;
					};
					84BCAE372ED9197F00B60662 = {
						CreatedOnToolsVersion = 16.4;
						TestTargetID = 84BCAE202ED9197C00B60662;
					};
				};
			};
			buildConfigurationList = 84BCAE1C2ED9197C00B60662 /* Build configuration list for PBXProject "ScentSearch" */;
			developmentRegion = en;
			hasScannedForEncodings = 0;
			knownRegions = (
				en,
				Base,
			);
			mainGroup = 84BCAE182ED9197C00B60662;
			minimizedProjectReferenceProxies = 1;
			preferredProjectObjectVersion = 77;
			productRefGroup = 84BCAE222ED9197C00B60662 /* Products */;
			projectDirPath = "";
			projectRoot = "";
			targets = (
				84BCAE202ED9197C00B60662 /* ScentSearch */,
				84BCAE2D2ED9197F00B60662 /* ScentSearchTests */,
				84BCAE372ED9197F00B60662 /* ScentSearchUITests */,
			);
		};
/* End PBXProject section */

/* Begin PBXResourcesBuildPhase section */
		84BCAE1F2ED9197C00B60662 /* Resources */ = {
			isa = PBXResourcesBuildPhase;
			buildActionMask = 2147483647;
			files = (
			);
			runOnlyForDeploymentPostprocessing = 0;
		};
		84BCAE2C2ED9197F00B60662 /* Resources */ = {
			isa = PBXResourcesBuildPhase;
			buildActionMask = 2147483647;
			files = (
			);
			runOnlyForDeploymentPostprocessing = 0;
		};
		84BCAE362ED9197F00B60662 /* Resources */ = {
			isa = PBXResourcesBuildPhase;
			buildActionMask = 2147483647;
			files = (
			);
			runOnlyForDeploymentPostprocessing = 0;
		};
/* End PBXResourcesBuildPhase section */

/* Begin PBXSourcesBuildPhase section */
		84BCAE1D2ED9197C00B60662 /* Sources */ = {
			isa = PBXSourcesBuildPhase;
			buildActionMask = 2147483647;
			files = (
			);
			runOnlyForDeploymentPostprocessing = 0;
		};
		84BCAE2A2ED9197F00B60662 /* Sources */ = {
			isa = PBXSourcesBuildPhase;
			buildActionMask = 2147483647;
			files = (
			);
			runOnlyForDeploymentPostprocessing = 0;
		};
		84BCAE342ED9197F00B60662 /* Sources */ = {
			isa = PBXSourcesBuildPhase;
			buildActionMask = 2147483647;
			files = (
			);
			runOnlyForDeploymentPostprocessing = 0;
		};
/* End PBXSourcesBuildPhase section */

/* Begin PBXTargetDependency section */
		84BCAE302ED9197F00B60662 /* PBXTargetDependency */ = {
			isa = PBXTargetDependency;
			target = 84BCAE202ED9197C00B60662 /* ScentSearch */;
			targetProxy = 84BCAE2F2ED9197F00B60662 /* PBXContainerItemProxy */;
		};
		84BCAE3A2ED9197F00B60662 /* PBXTargetDependency */ = {
			isa = PBXTargetDependency;
			target = 84BCAE202ED9197C00B60662 /* ScentSearch */;
			targetProxy = 84BCAE392ED9197F00B60662 /* PBXContainerItemProxy */;
		};
/* End PBXTargetDependency section */

/* Begin XCBuildConfiguration section */
		84BCAE402ED9197F00B60662 /* Debug */ = {
			isa = XCBuildConfiguration;
			buildSettings = {
				ALWAYS_SEARCH_USER_PATHS = NO;
				ASSETCATALOG_COMPILER_GENERATE_SWIFT_ASSET_SYMBOL_EXTENSIONS = YES;
				CLANG_ANALYZER_NONNULL = YES;
				CLANG_ANALYZER_NUMBER_OBJECT_CONVERSION = YES_AGGRESSIVE;
				CLANG_CXX_LANGUAGE_STANDARD = "gnu++20";
				CLANG_ENABLE_MODULES = YES;
				CLANG_ENABLE_OBJC_ARC = YES;
				CLANG_ENABLE_OBJC_WEAK = YES;
				CLANG_WARN_BLOCK_CAPTURE_AUTORELEASING = YES;
				CLANG_WARN_BOOL_CONVERSION = YES;
				CLANG_WARN_COMMA = YES;
				CLANG_WARN_CONSTANT_CONVERSION = YES;
				CLANG_WARN_DEPRECATED_OBJC_IMPLEMENTATIONS = YES;
				CLANG_WARN_DIRECT_OBJC_ISA_USAGE = YES_ERROR;
				CLANG_WARN_DOCUMENTATION_COMMENTS = YES;
				CLANG_WARN_EMPTY_BODY = YES;
				CLANG_WARN_ENUM_CONVERSION = YES;
				CLANG_WARN_INFINITE_RECURSION = YES;
				CLANG_WARN_INT_CONVERSION = YES;
				CLANG_WARN_NON_LITERAL_NULL_CONVERSION = YES;
				CLANG_WARN_OBJC_IMPLICIT_RETAIN_SELF = YES;
				CLANG_WARN_OBJC_LITERAL_CONVERSION = YES;
				CLANG_WARN_OBJC_ROOT_CLASS = YES_ERROR;
				CLANG_WARN_QUOTED_INCLUDE_IN_FRAMEWORK_HEADER = YES;
				CLANG_WARN_RANGE_LOOP_ANALYSIS = YES;
				CLANG_WARN_STRICT_PROTOTYPES = YES;
				CLANG_WARN_SUSPICIOUS_MOVE = YES;
				CLANG_WARN_UNGUARDED_AVAILABILITY = YES_AGGRESSIVE;
				CLANG_WARN_UNREACHABLE_CODE = YES;
				CLANG_WARN__DUPLICATE_METHOD_MATCH = YES;
				COPY_PHASE_STRIP = NO;
				DEBUG_INFORMATION_FORMAT = dwarf;
				DEVELOPMENT_TEAM = QASUNV5YXA;
				ENABLE_STRICT_OBJC_MSGSEND = YES;
				ENABLE_TESTABILITY = YES;
				ENABLE_USER_SCRIPT_SANDBOXING = YES;
				GCC_C_LANGUAGE_STANDARD = gnu17;
				GCC_DYNAMIC_NO_PIC = NO;
				GCC_NO_COMMON_BLOCKS = YES;
				GCC_OPTIMIZATION_LEVEL = 0;
				GCC_PREPROCESSOR_DEFINITIONS = (
					"DEBUG=1",
					"$(inherited)",
				);
				GCC_WARN_64_TO_32_BIT_CONVERSION = YES;
				GCC_WARN_ABOUT_RETURN_TYPE = YES_ERROR;
				GCC_WARN_UNDECLARED_SELECTOR = YES;
				GCC_WARN_UNINITIALIZED_AUTOS = YES_AGGRESSIVE;
				GCC_WARN_UNUSED_FUNCTION = YES;
				GCC_WARN_UNUSED_VARIABLE = YES;
				IPHONEOS_DEPLOYMENT_TARGET = 18.5;
				LOCALIZATION_PREFERS_STRING_CATALOGS = YES;
				MTL_ENABLE_DEBUG_INFO = INCLUDE_SOURCE;
				MTL_FAST_MATH = YES;
				ONLY_ACTIVE_ARCH = YES;
				SDKROOT = iphoneos;
				SWIFT_ACTIVE_COMPILATION_CONDITIONS = "DEBUG $(inherited)";
				SWIFT_OPTIMIZATION_LEVEL = "-Onone";
			};
			name = Debug;
		};
		84BCAE412ED9197F00B60662 /* Release */ = {
			isa = XCBuildConfiguration;
			buildSettings = {
				ALWAYS_SEARCH_USER_PATHS = NO;
				ASSETCATALOG_COMPILER_GENERATE_SWIFT_ASSET_SYMBOL_EXTENSIONS = YES;
				CLANG_ANALYZER_NONNULL = YES;
				CLANG_ANALYZER_NUMBER_OBJECT_CONVERSION = YES_AGGRESSIVE;
				CLANG_CXX_LANGUAGE_STANDARD = "gnu++20";
				CLANG_ENABLE_MODULES = YES;
				CLANG_ENABLE_OBJC_ARC = YES;
				CLANG_ENABLE_OBJC_WEAK = YES;
				CLANG_WARN_BLOCK_CAPTURE_AUTORELEASING = YES;
				CLANG_WARN_BOOL_CONVERSION = YES;
				CLANG_WARN_COMMA = YES;
				CLANG_WARN_CONSTANT_CONVERSION = YES;
				CLANG_WARN_DEPRECATED_OBJC_IMPLEMENTATIONS = YES;
				CLANG_WARN_DIRECT_OBJC_ISA_USAGE = YES_ERROR;
				CLANG_WARN_DOCUMENTATION_COMMENTS = YES;
				CLANG_WARN_EMPTY_BODY = YES;
				CLANG_WARN_ENUM_CONVERSION = YES;
				CLANG_WARN_INFINITE_RECURSION = YES;
				CLANG_WARN_INT_CONVERSION = YES;
				CLANG_WARN_NON_LITERAL_NULL_CONVERSION = YES;
				CLANG_WARN_OBJC_IMPLICIT_RETAIN_SELF = YES;
				CLANG_WARN_OBJC_LITERAL_CONVERSION = YES;
				CLANG_WARN_OBJC_ROOT_CLASS = YES_ERROR;
				CLANG_WARN_QUOTED_INCLUDE_IN_FRAMEWORK_HEADER = YES;
				CLANG_WARN_RANGE_LOOP_ANALYSIS = YES;
				CLANG_WARN_STRICT_PROTOTYPES = YES;
				CLANG_WARN_SUSPICIOUS_MOVE = YES;
				CLANG_WARN_UNGUARDED_AVAILABILITY = YES_AGGRESSIVE;
				CLANG_WARN_UNREACHABLE_CODE = YES;
				CLANG_WARN__DUPLICATE_METHOD_MATCH = YES;
				COPY_PHASE_STRIP = NO;
				DEBUG_INFORMATION_FORMAT = "dwarf-with-dsym";
				DEVELOPMENT_TEAM = QASUNV5YXA;
				ENABLE_NS_ASSERTIONS = NO;
				ENABLE_STRICT_OBJC_MSGSEND = YES;
				ENABLE_USER_SCRIPT_SANDBOXING = YES;
				GCC_C_LANGUAGE_STANDARD = gnu17;
				GCC_NO_COMMON_BLOCKS = YES;
				GCC_WARN_64_TO_32_BIT_CONVERSION = YES;
				GCC_WARN_ABOUT_RETURN_TYPE = YES_ERROR;
				GCC_WARN_UNDECLARED_SELECTOR = YES;
				GCC_WARN_UNINITIALIZED_AUTOS = YES_AGGRESSIVE;
				GCC_WARN_UNUSED_FUNCTION = YES;
				GCC_WARN_UNUSED_VARIABLE = YES;
				IPHONEOS_DEPLOYMENT_TARGET = 18.5;
				LOCALIZATION_PREFERS_STRING_CATALOGS = YES;
				MTL_ENABLE_DEBUG_INFO = NO;
				MTL_FAST_MATH = YES;
				SDKROOT = iphoneos;
				SWIFT_COMPILATION_MODE = wholemodule;
				VALIDATE_PRODUCT = YES;
			};
			name = Release;
		};
		84BCAE432ED9197F00B60662 /* Debug */ = {
			isa = XCBuildConfiguration;
			buildSettings = {
				ASSETCATALOG_COMPILER_APPICON_NAME = AppIcon;
				ASSETCATALOG_COMPILER_GLOBAL_ACCENT_COLOR_NAME = AccentColor;
				CODE_SIGN_STYLE = Automatic;
				CURRENT_PROJECT_VERSION = 1;
				DEVELOPMENT_TEAM = QASUNV5YXA;
				ENABLE_PREVIEWS = YES;
				GENERATE_INFOPLIST_FILE = YES;
				INFOPLIST_KEY_UIApplicationSceneManifest_Generation = YES;
				INFOPLIST_KEY_UIApplicationSupportsIndirectInputEvents = YES;
				INFOPLIST_KEY_UILaunchScreen_Generation = YES;
				INFOPLIST_KEY_UISupportedInterfaceOrientations_iPad = "UIInterfaceOrientationPortrait UIInterfaceOrientationPortraitUpsideDown UIInterfaceOrientationLandscapeLeft UIInterfaceOrientationLandscapeRight";
				INFOPLIST_KEY_UISupportedInterfaceOrientations_iPhone = "UIInterfaceOrientationPortrait UIInterfaceOrientationLandscapeLeft UIInterfaceOrientationLandscapeRight";
				LD_RUNPATH_SEARCH_PATHS = (
					"$(inherited)",
					"@executable_path/Frameworks",
				);
				MARKETING_VERSION = 1.0;
				PRODUCT_BUNDLE_IDENTIFIER = "Evan-Milenko.ScentSearch";
				PRODUCT_NAME = "$(TARGET_NAME)";
				SWIFT_EMIT_LOC_STRINGS = YES;
				SWIFT_VERSION = 5.0;
				TARGETED_DEVICE_FAMILY = "1,2";
			};
			name = Debug;
		};
		84BCAE442ED9197F00B60662 /* Release */ = {
			isa = XCBuildConfiguration;
			buildSettings = {
				ASSETCATALOG_COMPILER_APPICON_NAME = AppIcon;
				ASSETCATALOG_COMPILER_GLOBAL_ACCENT_COLOR_NAME = AccentColor;
				CODE_SIGN_STYLE = Automatic;
				CURRENT_PROJECT_VERSION = 1;
				DEVELOPMENT_TEAM = QASUNV5YXA;
				ENABLE_PREVIEWS = YES;
				GENERATE_INFOPLIST_FILE = YES;
				INFOPLIST_KEY_UIApplicationSceneManifest_Generation = YES;
				INFOPLIST_KEY_UIApplicationSupportsIndirectInputEvents = YES;
				INFOPLIST_KEY_UILaunchScreen_Generation = YES;
				INFOPLIST_KEY_UISupportedInterfaceOrientations_iPad = "UIInterfaceOrientationPortrait UIInterfaceOrientationPortraitUpsideDown UIInterfaceOrientationLandscapeLeft UIInterfaceOrientationLandscapeRight";
				INFOPLIST_KEY_UISupportedInterfaceOrientations_iPhone = "UIInterfaceOrientationPortrait UIInterfaceOrientationLandscapeLeft UIInterfaceOrientationLandscapeRight";
				LD_RUNPATH_SEARCH_PATHS = (
					"$(inherited)",
					"@executable_path/Frameworks",
				);
				MARKETING_VERSION = 1.0;
				PRODUCT_BUNDLE_IDENTIFIER = "Evan-Milenko.ScentSearch";
				PRODUCT_NAME = "$(TARGET_NAME)";
				SWIFT_EMIT_LOC_STRINGS = YES;
				SWIFT_VERSION = 5.0;
				TARGETED_DEVICE_FAMILY = "1,2";
			};
			name = Release;
		};
		84BCAE462ED9197F00B60662 /* Debug */ = {
			isa = XCBuildConfiguration;
			buildSettings = {
				BUNDLE_LOADER = "$(TEST_HOST)";
				CODE_SIGN_STYLE = Automatic;
				CURRENT_PROJECT_VERSION = 1;
				DEVELOPMENT_TEAM = QASUNV5YXA;
				GENERATE_INFOPLIST_FILE = YES;
				IPHONEOS_DEPLOYMENT_TARGET = 18.5;
				MARKETING_VERSION = 1.0;
				PRODUCT_BUNDLE_IDENTIFIER = "Evan-Milenko.ScentSearchTests";
				PRODUCT_NAME = "$(TARGET_NAME)";
				SWIFT_EMIT_LOC_STRINGS = NO;
				SWIFT_VERSION = 5.0;
				TARGETED_DEVICE_FAMILY = "1,2";
				TEST_HOST = "$(BUILT_PRODUCTS_DIR)/ScentSearch.app/$(BUNDLE_EXECUTABLE_FOLDER_PATH)/ScentSearch";
			};
			name = Debug;
		};
		84BCAE472ED9197F00B60662 /* Release */ = {
			isa = XCBuildConfiguration;
			buildSettings = {
				BUNDLE_LOADER = "$(TEST_HOST)";
				CODE_SIGN_STYLE = Automatic;
				CURRENT_PROJECT_VERSION = 1;
				DEVELOPMENT_TEAM = QASUNV5YXA;
				GENERATE_INFOPLIST_FILE = YES;
				IPHONEOS_DEPLOYMENT_TARGET = 18.5;
				MARKETING_VERSION = 1.0;
				PRODUCT_BUNDLE_IDENTIFIER = "Evan-Milenko.ScentSearchTests";
				PRODUCT_NAME = "$(TARGET_NAME)";
				SWIFT_EMIT_LOC_STRINGS = NO;
				SWIFT_VERSION = 5.0;
				TARGETED_DEVICE_FAMILY = "1,2";
				TEST_HOST = "$(BUILT_PRODUCTS_DIR)/ScentSearch.app/$(BUNDLE_EXECUTABLE_FOLDER_PATH)/ScentSearch";
			};
			name = Release;
		};
		84BCAE492ED9197F00B60662 /* Debug */ = {
			isa = XCBuildConfiguration;
			buildSettings = {
				CODE_SIGN_STYLE = Automatic;
				CURRENT_PROJECT_VERSION = 1;
				DEVELOPMENT_TEAM = QASUNV5YXA;
				GENERATE_INFOPLIST_FILE = YES;
				MARKETING_VERSION = 1.0;
				PRODUCT_BUNDLE_IDENTIFIER = "Evan-Milenko.ScentSearchUITests";
				PRODUCT_NAME = "$(TARGET_NAME)";
				SWIFT_EMIT_LOC_STRINGS = NO;
				SWIFT_VERSION = 5.0;
				TARGETED_DEVICE_FAMILY = "1,2";
				TEST_TARGET_NAME = ScentSearch;
			};
			name = Debug;
		};
		84BCAE4A2ED9197F00B60662 /* Release */ = {
			isa = XCBuildConfiguration;
			buildSettings = {
				CODE_SIGN_STYLE = Automatic;
				CURRENT_PROJECT_VERSION = 1;
				DEVELOPMENT_TEAM = QASUNV5YXA;
				GENERATE_INFOPLIST_FILE = YES;
				MARKETING_VERSION = 1.0;
				PRODUCT_BUNDLE_IDENTIFIER = "Evan-Milenko.ScentSearchUITests";
				PRODUCT_NAME = "$(TARGET_NAME)";
				SWIFT_EMIT_LOC_STRINGS = NO;
				SWIFT_VERSION = 5.0;
				TARGETED_DEVICE_FAMILY = "1,2";
				TEST_TARGET_NAME = ScentSearch;
			};
			name = Release;
		};
/* End XCBuildConfiguration section */

/* Begin XCConfigurationList section */
		84BCAE1C2ED9197C00B60662 /* Build configuration list for PBXProject "ScentSearch" */ = {
			isa = XCConfigurationList;
			buildConfigurations = (
				84BCAE402ED9197F00B60662 /* Debug */,
				84BCAE412ED9197F00B60662 /* Release */,
			);
			defaultConfigurationIsVisible = 0;
			defaultConfigurationName = Release;
		};
		84BCAE422ED9197F00B60662 /* Build configuration list for PBXNativeTarget "ScentSearch" */ = {
			isa = XCConfigurationList;
			buildConfigurations = (
				84BCAE432ED9197F00B60662 /* Debug */,
				84BCAE442ED9197F00B60662 /* Release */,
			);
			defaultConfigurationIsVisible = 0;
			defaultConfigurationName = Release;
		};
		84BCAE452ED9197F00B60662 /* Build configuration list for PBXNativeTarget "ScentSearchTests" */ = {
			isa = XCConfigurationList;
			buildConfigurations = (
				84BCAE462ED9197F00B60662 /* Debug */,
				84BCAE472ED9197F00B60662 /* Release */,
			);
			defaultConfigurationIsVisible = 0;
			defaultConfigurationName = Release;
		};
		84BCAE482ED9197F00B60662 /* Build configuration list for PBXNativeTarget "ScentSearchUITests" */ = {
			isa = XCConfigurationList;
			buildConfigurations = (
				84BCAE492ED9197F00B60662 /* Debug */,
				84BCAE4A2ED9197F00B60662 /* Release */,
			);
			defaultConfigurationIsVisible = 0;
			defaultConfigurationName = Release;
		};
/* End XCConfigurationList section */
	};
	rootObject = 84BCAE192ED9197C00B60662 /* Project object */;
}
